Microsoft Visual Studio Solution File, Format Version 12.00
# Visual Studio 15
VisualStudioVersion = 15.0.27130.2027
MinimumVisualStudioVersion = 15.0.26124.0
Project("{9A19103F-16F7-4668-BE54-9A1E7A4F7556}") = "Brownbag.Web", "Brownbag.Web\Brownbag.Web.csproj", "{554AF5B0-15BD-4F90-A5A1-68B51F55179A}"
EndProject
Project("{9A19103F-16F7-4668-BE54-9A1E7A4F7556}") = "Brownbag.Data", "Brownbag.Data\Brownbag.Data.csproj", "{F4E221DB-2F1E-4AA5-ADF2-90446956D96B}"
EndProject
Global
	GlobalSection(SolutionConfigurationPlatforms) = preSolution
		Debug|Any CPU = Debug|Any CPU
		Debug|x64 = Debug|x64
		Debug|x86 = Debug|x86
		Integrated|Any CPU = Integrated|Any CPU
		Integrated|x64 = Integrated|x64
		Integrated|x86 = Integrated|x86
		Release|Any CPU = Release|Any CPU
		Release|x64 = Release|x64
		Release|x86 = Release|x86
	EndGlobalSection
	GlobalSection(ProjectConfigurationPlatforms) = postSolution
		{554AF5B0-15BD-4F90-A5A1-68B51F55179A}.Debug|Any CPU.ActiveCfg = Debug|Any CPU
		{554AF5B0-15BD-4F90-A5A1-68B51F55179A}.Debug|Any CPU.Build.0 = Debug|Any CPU
		{554AF5B0-15BD-4F90-A5A1-68B51F55179A}.Debug|x64.ActiveCfg = Debug|Any CPU
		{554AF5B0-15BD-4F90-A5A1-68B51F55179A}.Debug|x64.Build.0 = Debug|Any CPU
		{554AF5B0-15BD-4F90-A5A1-68B51F55179A}.Debug|x86.ActiveCfg = Debug|Any CPU
		{554AF5B0-15BD-4F90-A5A1-68B51F55179A}.Debug|x86.Build.0 = Debug|Any CPU
		{554AF5B0-15BD-4F90-A5A1-68B51F55179A}.Integrated|Any CPU.ActiveCfg = Integrated|Any CPU
		{554AF5B0-15BD-4F90-A5A1-68B51F55179A}.Integrated|Any CPU.Build.0 = Integrated|Any CPU
		{554AF5B0-15BD-4F90-A5A1-68B51F55179A}.Integrated|x64.ActiveCfg = Integrated|Any CPU
		{554AF5B0-15BD-4F90-A5A1-68B51F55179A}.Integrated|x64.Build.0 = Integrated|Any CPU
		{554AF5B0-15BD-4F90-A5A1-68B51F55179A}.Integrated|x86.ActiveCfg = Integrated|Any CPU
		{554AF5B0-15BD-4F90-A5A1-68B51F55179A}.Integrated|x86.Build.0 = Integrated|Any CPU
		{554AF5B0-15BD-4F90-A5A1-68B51F55179A}.Release|Any CPU.ActiveCfg = Release|Any CPU
		{554AF5B0-15BD-4F90-A5A1-68B51F55179A}.Release|Any CPU.Build.0 = Release|Any CPU
		{554AF5B0-15BD-4F90-A5A1-68B51F55179A}.Release|x64.ActiveCfg = Release|Any CPU
		{554AF5B0-15BD-4F90-A5A1-68B51F55179A}.Release|x64.Build.0 = Release|Any CPU
		{554AF5B0-15BD-4F90-A5A1-68B51F55179A}.Release|x86.ActiveCfg = Release|Any CPU
		{554AF5B0-15BD-4F90-A5A1-68B51F55179A}.Release|x86.Build.0 = Release|Any CPU
		{F4E221DB-2F1E-4AA5-ADF2-90446956D96B}.Debug|Any CPU.ActiveCfg = Debug|Any CPU
		{F4E221DB-2F1E-4AA5-ADF2-90446956D96B}.Debug|Any CPU.Build.0 = Debug|Any CPU
		{F4E221DB-2F1E-4AA5-ADF2-90446956D96B}.Debug|x64.ActiveCfg = Debug|Any CPU
		{F4E221DB-2F1E-4AA5-ADF2-90446956D96B}.Debug|x64.Build.0 = Debug|Any CPU
		{F4E221DB-2F1E-4AA5-ADF2-90446956D96B}.Debug|x86.ActiveCfg = Debug|Any CPU
		{F4E221DB-2F1E-4AA5-ADF2-90446956D96B}.Debug|x86.Build.0 = Debug|Any CPU
		{F4E221DB-2F1E-4AA5-ADF2-90446956D96B}.Integrated|Any CPU.ActiveCfg = Integrated|Any CPU
		{F4E221DB-2F1E-4AA5-ADF2-90446956D96B}.Integrated|Any CPU.Build.0 = Integrated|Any CPU
		{F4E221DB-2F1E-4AA5-ADF2-90446956D96B}.Integrated|x64.ActiveCfg = Integrated|Any CPU
		{F4E221DB-2F1E-4AA5-ADF2-90446956D96B}.Integrated|x64.Build.0 = Integrated|Any CPU
		{F4E221DB-2F1E-4AA5-ADF2-90446956D96B}.Integrated|x86.ActiveCfg = Integrated|Any CPU
		{F4E221DB-2F1E-4AA5-ADF2-90446956D96B}.Integrated|x86.Build.0 = Integrated|Any CPU
		{F4E221DB-2F1E-4AA5-ADF2-90446956D96B}.Release|Any CPU.ActiveCfg = Release|Any CPU
		{F4E221DB-2F1E-4AA5-ADF2-90446956D96B}.Release|Any CPU.Build.0 = Release|Any CPU
		{F4E221DB-2F1E-4AA5-ADF2-90446956D96B}.Release|x64.ActiveCfg = Release|Any CPU
		{F4E221DB-2F1E-4AA5-ADF2-90446956D96B}.Release|x64.Build.0 = Release|Any CPU
		{F4E221DB-2F1E-4AA5-ADF2-90446956D96B}.Release|x86.ActiveCfg = Release|Any CPU
		{F4E221DB-2F1E-4AA5-ADF2-90446956D96B}.Release|x86.Build.0 = Release|Any CPU
	EndGlobalSection
	GlobalSection(SolutionProperties) = preSolution
		HideSolutionNode = FALSE
	EndGlobalSection
	GlobalSection(ExtensibilityGlobals) = postSolution
		SolutionGuid = {8F62DDE9-9E09-4D07-A39D-A10536775CFE}
	EndGlobalSection
EndGlobal
